
Microsoft Visual Studio Solution File, Format Version 12.00
# Visual Studio Version 17
VisualStudioVersion = 17.2.32602.215
MinimumVisualStudioVersion = 10.0.40219.1
Project("{9A19103F-16F7-4668-BE54-9A1E7A4F7556}") = "RemoteControlToolkitCoreServer", "Src\RemoteControlToolkitCoreServer\RemoteControlToolkitCoreServer.csproj", "{CB1675CA-0217-487A-8A0A-CF6ED4E4C901}"
EndProject
Project("{9A19103F-16F7-4668-BE54-9A1E7A4F7556}") = "RemoteControlToolkitCore.Common", "Src\RemoteControlToolkitCore.Common\RemoteControlToolkitCore.Common.csproj", "{D1634EF0-3D18-4A45-99DF-F5EC988EA5F4}"
EndProject
Project("{9A19103F-16F7-4668-BE54-9A1E7A4F7556}") = "RemoteControlToolkitCore.DefaultShell", "Src\RemoteControlToolkitCore.DefaultShell\RemoteControlToolkitCore.DefaultShell.csproj", "{4EE13D41-5F3F-4EFB-A7AA-F0F6CBDA0D5E}"
EndProject
Global
	GlobalSection(SolutionConfigurationPlatforms) = preSolution
		Debug|Any CPU = Debug|Any CPU
		Release|Any CPU = Release|Any CPU
	EndGlobalSection
	GlobalSection(ProjectConfigurationPlatforms) = postSolution
		{CB1675CA-0217-487A-8A0A-CF6ED4E4C901}.Debug|Any CPU.ActiveCfg = Debug|Any CPU
		{CB1675CA-0217-487A-8A0A-CF6ED4E4C901}.Debug|Any CPU.Build.0 = Debug|Any CPU
		{CB1675CA-0217-487A-8A0A-CF6ED4E4C901}.Release|Any CPU.ActiveCfg = Release|Any CPU
		{CB1675CA-0217-487A-8A0A-CF6ED4E4C901}.Release|Any CPU.Build.0 = Release|Any CPU
		{D1634EF0-3D18-4A45-99DF-F5EC988EA5F4}.Debug|Any CPU.ActiveCfg = Debug|Any CPU
		{D1634EF0-3D18-4A45-99DF-F5EC988EA5F4}.Debug|Any CPU.Build.0 = Debug|Any CPU
		{D1634EF0-3D18-4A45-99DF-F5EC988EA5F4}.Release|Any CPU.ActiveCfg = Release|Any CPU
		{D1634EF0-3D18-4A45-99DF-F5EC988EA5F4}.Release|Any CPU.Build.0 = Release|Any CPU
		{4EE13D41-5F3F-4EFB-A7AA-F0F6CBDA0D5E}.Debug|Any CPU.ActiveCfg = Debug|Any CPU
		{4EE13D41-5F3F-4EFB-A7AA-F0F6CBDA0D5E}.Debug|Any CPU.Build.0 = Debug|Any CPU
		{4EE13D41-5F3F-4EFB-A7AA-F0F6CBDA0D5E}.Release|Any CPU.ActiveCfg = Release|Any CPU
		{4EE13D41-5F3F-4EFB-A7AA-F0F6CBDA0D5E}.Release|Any CPU.Build.0 = Release|Any CPU
	EndGlobalSection
	GlobalSection(SolutionProperties) = preSolution
		HideSolutionNode = FALSE
	EndGlobalSection
	GlobalSection(ExtensibilityGlobals) = postSolution
		SolutionGuid = {D6FE14CE-3C81-49CF-BB5E-798286159FC7}
	EndGlobalSection
EndGlobal
